
Microsoft Visual Studio Solution File, Format Version 12.00
# Visual Studio Version 17
VisualStudioVersion = 17.10.35027.167
MinimumVisualStudioVersion = 10.0.40219.1
Project("{FAE04EC0-301F-11D3-BF4B-00C04F79EFBC}") = "TeamWebAPI", "TeamWebAPI.csproj", "{4D7D9B71-68CD-4A53-9412-092FE13CD622}"
EndProject
Global
	GlobalSection(SolutionConfigurationPlatforms) = preSolution
		Debug|Any CPU = Debug|Any CPU
		Release|Any CPU = Release|Any CPU
	EndGlobalSection
	GlobalSection(ProjectConfigurationPlatforms) = postSolution
		{4D7D9B71-68CD-4A53-9412-092FE13CD622}.Debug|Any CPU.ActiveCfg = Debug|Any CPU
		{4D7D9B71-68CD-4A53-9412-092FE13CD622}.Debug|Any CPU.Build.0 = Debug|Any CPU
		{4D7D9B71-68CD-4A53-9412-092FE13CD622}.Release|Any CPU.ActiveCfg = Release|Any CPU
		{4D7D9B71-68CD-4A53-9412-092FE13CD622}.Release|Any CPU.Build.0 = Release|Any CPU
	EndGlobalSection
	GlobalSection(SolutionProperties) = preSolution
		HideSolutionNode = FALSE
	EndGlobalSection
	GlobalSection(ExtensibilityGlobals) = postSolution
		SolutionGuid = {C8F68B95-6BE0-421D-80AF-C9A7E0CBC7B8}
	EndGlobalSection
EndGlobal
